
Microsoft Visual Studio Solution File, Format Version 12.00
# Visual Studio Version 16
VisualStudioVersion = 16.0.31624.102
MinimumVisualStudioVersion = 10.0.40219.1
Project("{FAE04EC0-301F-11D3-BF4B-00C04F79EFBC}") = "ConvORM.Samples", "ConvORM.Samples\ConvORM.Samples.csproj", "{E0973170-C1E1-4418-BB21-2683488DF364}"
EndProject
Project("{FAE04EC0-301F-11D3-BF4B-00C04F79EFBC}") = "ConvORM.Tests", "ConvORM.Tests\ConvORM.Tests.csproj", "{E5DDB1F2-FBC1-46B5-9DFF-CF4406542740}"
EndProject
Global
	GlobalSection(SolutionConfigurationPlatforms) = preSolution
		Debug|Any CPU = Debug|Any CPU
		Release|Any CPU = Release|Any CPU
	EndGlobalSection
	GlobalSection(ProjectConfigurationPlatforms) = postSolution
		{E0973170-C1E1-4418-BB21-2683488DF364}.Debug|Any CPU.ActiveCfg = Debug|Any CPU
		{E0973170-C1E1-4418-BB21-2683488DF364}.Debug|Any CPU.Build.0 = Debug|Any CPU
		{E0973170-C1E1-4418-BB21-2683488DF364}.Release|Any CPU.ActiveCfg = Release|Any CPU
		{E0973170-C1E1-4418-BB21-2683488DF364}.Release|Any CPU.Build.0 = Release|Any CPU
		{E5DDB1F2-FBC1-46B5-9DFF-CF4406542740}.Debug|Any CPU.ActiveCfg = Debug|Any CPU
		{E5DDB1F2-FBC1-46B5-9DFF-CF4406542740}.Debug|Any CPU.Build.0 = Debug|Any CPU
		{E5DDB1F2-FBC1-46B5-9DFF-CF4406542740}.Release|Any CPU.ActiveCfg = Release|Any CPU
		{E5DDB1F2-FBC1-46B5-9DFF-CF4406542740}.Release|Any CPU.Build.0 = Release|Any CPU
	EndGlobalSection
	GlobalSection(SolutionProperties) = preSolution
		HideSolutionNode = FALSE
	EndGlobalSection
	GlobalSection(ExtensibilityGlobals) = postSolution
		SolutionGuid = {F0A45E4A-668E-4B2D-92F0-C007C1378909}
	EndGlobalSection
EndGlobal
